
Microsoft Visual Studio Solution File, Format Version 12.00
# Visual Studio Version 17
VisualStudioVersion = 17.6.33723.286
MinimumVisualStudioVersion = 10.0.40219.1
Project("{FAE04EC0-301F-11D3-BF4B-00C04F79EFBC}") = "ZoneRosterBuilder", "ZoneRosterBuilder\ZoneRosterBuilder.csproj", "{FA6F4C61-872C-493B-9DB9-B2CFF80CE78A}"
EndProject
Global
	GlobalSection(SolutionConfigurationPlatforms) = preSolution
		Debug|Any CPU = Debug|Any CPU
		Release|Any CPU = Release|Any CPU
	EndGlobalSection
	GlobalSection(ProjectConfigurationPlatforms) = postSolution
		{FA6F4C61-872C-493B-9DB9-B2CFF80CE78A}.Debug|Any CPU.ActiveCfg = Debug|Any CPU
		{FA6F4C61-872C-493B-9DB9-B2CFF80CE78A}.Debug|Any CPU.Build.0 = Debug|Any CPU
		{FA6F4C61-872C-493B-9DB9-B2CFF80CE78A}.Release|Any CPU.ActiveCfg = Release|Any CPU
		{FA6F4C61-872C-493B-9DB9-B2CFF80CE78A}.Release|Any CPU.Build.0 = Release|Any CPU
	EndGlobalSection
	GlobalSection(SolutionProperties) = preSolution
		HideSolutionNode = FALSE
	EndGlobalSection
	GlobalSection(ExtensibilityGlobals) = postSolution
		SolutionGuid = {7A56E312-509C-4F60-B8C3-878F7905E36B}
	EndGlobalSection
EndGlobal
